
Microsoft Visual Studio Solution File, Format Version 12.00
# Visual Studio Version 17
VisualStudioVersion = 17.7.34202.233
MinimumVisualStudioVersion = 10.0.40219.1
Project("{8BC9CEB8-8B4A-11D0-8D11-00A0C91BC942}") = "vidoplay", "vidoplay\vidoplay.vcxproj", "{520D93B2-1370-4017-8E36-56D304E973E2}"
EndProject
Global
	GlobalSection(SolutionConfigurationPlatforms) = preSolution
		Debug|x64 = Debug|x64
		Debug|x86 = Debug|x86
		Release|x64 = Release|x64
		Release|x86 = Release|x86
	EndGlobalSection
	GlobalSection(ProjectConfigurationPlatforms) = postSolution
		{520D93B2-1370-4017-8E36-56D304E973E2}.Debug|x64.ActiveCfg = Debug|x64
		{520D93B2-1370-4017-8E36-56D304E973E2}.Debug|x64.Build.0 = Debug|x64
		{520D93B2-1370-4017-8E36-56D304E973E2}.Debug|x86.ActiveCfg = Debug|Win32
		{520D93B2-1370-4017-8E36-56D304E973E2}.Debug|x86.Build.0 = Debug|Win32
		{520D93B2-1370-4017-8E36-56D304E973E2}.Release|x64.ActiveCfg = Release|x64
		{520D93B2-1370-4017-8E36-56D304E973E2}.Release|x64.Build.0 = Release|x64
		{520D93B2-1370-4017-8E36-56D304E973E2}.Release|x86.ActiveCfg = Release|Win32
		{520D93B2-1370-4017-8E36-56D304E973E2}.Release|x86.Build.0 = Release|Win32
	EndGlobalSection
	GlobalSection(SolutionProperties) = preSolution
		HideSolutionNode = FALSE
	EndGlobalSection
	GlobalSection(ExtensibilityGlobals) = postSolution
		SolutionGuid = {2E6CE30A-62CD-4B3C-BDD2-CDBC03AD56D7}
	EndGlobalSection
EndGlobal
